
Microsoft Visual Studio Solution File, Format Version 12.00
# Visual Studio Version 17
VisualStudioVersion = 17.10.35027.167
MinimumVisualStudioVersion = 10.0.40219.1
Project("{FAE04EC0-301F-11D3-BF4B-00C04F79EFBC}") = "Wave Motion With Sine", "Wave Motion With Sine.csproj", "{ADA45F41-57BE-4DB5-B02A-96EEB77DB071}"
EndProject
Global
	GlobalSection(SolutionConfigurationPlatforms) = preSolution
		Debug|Any CPU = Debug|Any CPU
		Release|Any CPU = Release|Any CPU
	EndGlobalSection
	GlobalSection(ProjectConfigurationPlatforms) = postSolution
		{ADA45F41-57BE-4DB5-B02A-96EEB77DB071}.Debug|Any CPU.ActiveCfg = Debug|Any CPU
		{ADA45F41-57BE-4DB5-B02A-96EEB77DB071}.Debug|Any CPU.Build.0 = Debug|Any CPU
		{ADA45F41-57BE-4DB5-B02A-96EEB77DB071}.Release|Any CPU.ActiveCfg = Release|Any CPU
		{ADA45F41-57BE-4DB5-B02A-96EEB77DB071}.Release|Any CPU.Build.0 = Release|Any CPU
	EndGlobalSection
	GlobalSection(SolutionProperties) = preSolution
		HideSolutionNode = FALSE
	EndGlobalSection
	GlobalSection(ExtensibilityGlobals) = postSolution
		SolutionGuid = {1646DE49-58D1-4130-B13A-7DE820C092CA}
	EndGlobalSection
EndGlobal
